// !$*UTF8*$!
{
	archiveVersion = 1;
	classes = {
	};
	objectVersion = 51;
	objects = {

/* Begin PBXBuildFile section */
		B0C81ECD78ECAEB399727D16 /* Pods_MoveApp.framework in Frameworks */ = {isa = PBXBuildFile; fileRef = 7AF308DB4A8077E2ABE7D128 /* Pods_MoveApp.framework */; };
		BCC7AEFA25CEC19A002E4381 /* AppDelegate.swift in Sources */ = {isa = PBXBuildFile; fileRef = BCC7AEF925CEC19A002E4381 /* AppDelegate.swift */; };
		BCC7AEFC25CEC19A002E4381 /* SceneDelegate.swift in Sources */ = {isa = PBXBuildFile; fileRef = BCC7AEFB25CEC19A002E4381 /* SceneDelegate.swift */; };
		BCC7AEFE25CEC19A002E4381 /* SplashViewController.swift in Sources */ = {isa = PBXBuildFile; fileRef = BCC7AEFD25CEC19A002E4381 /* SplashViewController.swift */; };
		BCC7AF0125CEC19A002E4381 /* Main.storyboard in Resources */ = {isa = PBXBuildFile; fileRef = BCC7AEFF25CEC19A002E4381 /* Main.storyboard */; };
		BCC7AF0325CEC19B002E4381 /* Assets.xcassets in Resources */ = {isa = PBXBuildFile; fileRef = BCC7AF0225CEC19B002E4381 /* Assets.xcassets */; };
		BCC7AF0625CEC19B002E4381 /* LaunchScreen.storyboard in Resources */ = {isa = PBXBuildFile; fileRef = BCC7AF0425CEC19B002E4381 /* LaunchScreen.storyboard */; };
		BCC7AF1425CEC5DF002E4381 /* GoogleService-Info.plist in Resources */ = {isa = PBXBuildFile; fileRef = BCC7AF1325CEC5DF002E4381 /* GoogleService-Info.plist */; };
		BCC7AF2925CECD58002E4381 /* RCValues.swift in Sources */ = {isa = PBXBuildFile; fileRef = BCC7AF2825CECD58002E4381 /* RCValues.swift */; };
/* End PBXBuildFile section */

/* Begin PBXFileReference section */
		7AF308DB4A8077E2ABE7D128 /* Pods_MoveApp.framework */ = {isa = PBXFileReference; explicitFileType = wrapper.framework; includeInIndex = 0; path = Pods_MoveApp.framework; sourceTree = BUILT_PRODUCTS_DIR; };
		87B1E041CBE6E7D9109BA456 /* Pods-MoveApp.release.xcconfig */ = {isa = PBXFileReference; includeInIndex = 1; lastKnownFileType = text.xcconfig; name = "Pods-MoveApp.release.xcconfig"; path = "Target Support Files/Pods-MoveApp/Pods-MoveApp.release.xcconfig"; sourceTree = "<group>"; };
		BCC7AEF625CEC19A002E4381 /* MoveApp.app */ = {isa = PBXFileReference; explicitFileType = wrapper.application; includeInIndex = 0; path = MoveApp.app; sourceTree = BUILT_PRODUCTS_DIR; };
		BCC7AEF925CEC19A002E4381 /* AppDelegate.swift */ = {isa = PBXFileReference; lastKnownFileType = sourcecode.swift; path = AppDelegate.swift; sourceTree = "<group>"; };
		BCC7AEFB25CEC19A002E4381 /* SceneDelegate.swift */ = {isa = PBXFileReference; lastKnownFileType = sourcecode.swift; path = SceneDelegate.swift; sourceTree = "<group>"; };
		BCC7AEFD25CEC19A002E4381 /* SplashViewController.swift */ = {isa = PBXFileReference; lastKnownFileType = sourcecode.swift; path = SplashViewController.swift; sourceTree = "<group>"; };
		BCC7AF0025CEC19A002E4381 /* Base */ = {isa = PBXFileReference; lastKnownFileType = file.storyboard; name = Base; path = Base.lproj/Main.storyboard; sourceTree = "<group>"; };
		BCC7AF0225CEC19B002E4381 /* Assets.xcassets */ = {isa = PBXFileReference; lastKnownFileType = folder.assetcatalog; path = Assets.xcassets; sourceTree = "<group>"; };
		BCC7AF0525CEC19B002E4381 /* Base */ = {isa = PBXFileReference; lastKnownFileType = file.storyboard; name = Base; path = Base.lproj/LaunchScreen.storyboard; sourceTree = "<group>"; };
		BCC7AF0725CEC19B002E4381 /* Info.plist */ = {isa = PBXFileReference; lastKnownFileType = text.plist.xml; path = Info.plist; sourceTree = "<group>"; };
		BCC7AF1325CEC5DF002E4381 /* GoogleService-Info.plist */ = {isa = PBXFileReference; fileEncoding = 4; lastKnownFileType = text.plist.xml; path = "GoogleService-Info.plist"; sourceTree = "<group>"; };
		BCC7AF2825CECD58002E4381 /* RCValues.swift */ = {isa = PBXFileReference; lastKnownFileType = sourcecode.swift; path = RCValues.swift; sourceTree = "<group>"; };
		E0D7677C8502946A06D7B483 /* Pods-MoveApp.debug.xcconfig */ = {isa = PBXFileReference; includeInIndex = 1; lastKnownFileType = text.xcconfig; name = "Pods-MoveApp.debug.xcconfig"; path = "Target Support Files/Pods-MoveApp/Pods-MoveApp.debug.xcconfig"; sourceTree = "<group>"; };
/* End PBXFileReference section */

/* Begin PBXFrameworksBuildPhase section */
		BCC7AEF325CEC19A002E4381 /* Frameworks */ = {
			isa = PBXFrameworksBuildPhase;
			buildActionMask = 2147483647;
			files = (
				B0C81ECD78ECAEB399727D16 /* Pods_MoveApp.framework in Frameworks */,
			);
			runOnlyForDeploymentPostprocessing = 0;
		};
/* End PBXFrameworksBuildPhase section */

/* Begin PBXGroup section */
		0CBD7218DEBD70C08778E4DC /* Pods */ = {
			isa = PBXGroup;
			children = (
				E0D7677C8502946A06D7B483 /* Pods-MoveApp.debug.xcconfig */,
				87B1E041CBE6E7D9109BA456 /* Pods-MoveApp.release.xcconfig */,
			);
			path = Pods;
			sourceTree = "<group>";
		};
		7B4E207B45BC22C14200FC03 /* Frameworks */ = {
			isa = PBXGroup;
			children = (
				7AF308DB4A8077E2ABE7D128 /* Pods_MoveApp.framework */,
			);
			name = Frameworks;
			sourceTree = "<group>";
		};
		BCC7AEED25CEC19A002E4381 = {
			isa = PBXGroup;
			children = (
				BCC7AEF825CEC19A002E4381 /* MoveApp */,
				BCC7AEF725CEC19A002E4381 /* Products */,
				0CBD7218DEBD70C08778E4DC /* Pods */,
				7B4E207B45BC22C14200FC03 /* Frameworks */,
			);
			sourceTree = "<group>";
		};
		BCC7AEF725CEC19A002E4381 /* Products */ = {
			isa = PBXGroup;
			children = (
				BCC7AEF625CEC19A002E4381 /* MoveApp.app */,
			);
			name = Products;
			sourceTree = "<group>";
		};
		BCC7AEF825CEC19A002E4381 /* MoveApp */ = {
			isa = PBXGroup;
			children = (
				BCC7AF1325CEC5DF002E4381 /* GoogleService-Info.plist */,
				BCC7AF0725CEC19B002E4381 /* Info.plist */,
				BCC7AF1025CEC3EC002E4381 /* Application */,
				BCC7AF0F25CEC3CD002E4381 /* Resources */,
				BCC7AF1125CEC40D002E4381 /* Scenes */,
			);
			path = MoveApp;
			sourceTree = "<group>";
		};
		BCC7AF0F25CEC3CD002E4381 /* Resources */ = {
			isa = PBXGroup;
			children = (
				BCC7AF0225CEC19B002E4381 /* Assets.xcassets */,
				BCC7AF2825CECD58002E4381 /* RCValues.swift */,
			);
			path = Resources;
			sourceTree = "<group>";
		};
		BCC7AF1025CEC3EC002E4381 /* Application */ = {
			isa = PBXGroup;
			children = (
				BCC7AEFB25CEC19A002E4381 /* SceneDelegate.swift */,
				BCC7AEF925CEC19A002E4381 /* AppDelegate.swift */,
			);
			path = Application;
			sourceTree = "<group>";
		};
		BCC7AF1125CEC40D002E4381 /* Scenes */ = {
			isa = PBXGroup;
			children = (
				BCC7AF2625CECB40002E4381 /* Splash */,
				BCC7AF0425CEC19B002E4381 /* LaunchScreen.storyboard */,
				BCC7AEFF25CEC19A002E4381 /* Main.storyboard */,
			);
			path = Scenes;
			sourceTree = "<group>";
		};
		BCC7AF2625CECB40002E4381 /* Splash */ = {
			isa = PBXGroup;
			children = (
				BCC7AEFD25CEC19A002E4381 /* SplashViewController.swift */,
			);
			path = Splash;
			sourceTree = "<group>";
		};
/* End PBXGroup section */

/* Begin PBXNativeTarget section */
		BCC7AEF525CEC19A002E4381 /* MoveApp */ = {
			isa = PBXNativeTarget;
			buildConfigurationList = BCC7AF0A25CEC19B002E4381 /* Build configuration list for PBXNativeTarget "MoveApp" */;
			buildPhases = (
				797B063FEBA06F2A8FCF2D65 /* [CP] Check Pods Manifest.lock */,
				BCC7AEF225CEC19A002E4381 /* Sources */,
				BCC7AEF325CEC19A002E4381 /* Frameworks */,
				BCC7AEF425CEC19A002E4381 /* Resources */,
				5A2A2C44EA17AC29D53BB35A /* [CP] Embed Pods Frameworks */,
			);
			buildRules = (
			);
			dependencies = (
			);
			name = MoveApp;
			productName = MoveApp;
			productReference = BCC7AEF625CEC19A002E4381 /* MoveApp.app */;
			productType = "com.apple.product-type.application";
		};
/* End PBXNativeTarget section */

/* Begin PBXProject section */
		BCC7AEEE25CEC19A002E4381 /* Project object */ = {
			isa = PBXProject;
			attributes = {
				LastSwiftUpdateCheck = 1220;
				LastUpgradeCheck = 1220;
				TargetAttributes = {
					BCC7AEF525CEC19A002E4381 = {
						CreatedOnToolsVersion = 12.2;
					};
				};
			};
			buildConfigurationList = BCC7AEF125CEC19A002E4381 /* Build configuration list for PBXProject "MoveApp" */;
			compatibilityVersion = "Xcode 9.3";
			developmentRegion = en;
			hasScannedForEncodings = 0;
			knownRegions = (
				en,
				Base,
			);
			mainGroup = BCC7AEED25CEC19A002E4381;
			productRefGroup = BCC7AEF725CEC19A002E4381 /* Products */;
			projectDirPath = "";
			projectRoot = "";
			targets = (
				BCC7AEF525CEC19A002E4381 /* MoveApp */,
			);
		};
/* End PBXProject section */

/* Begin PBXResourcesBuildPhase section */
		BCC7AEF425CEC19A002E4381 /* Resources */ = {
			isa = PBXResourcesBuildPhase;
			buildActionMask = 2147483647;
			files = (
				BCC7AF0625CEC19B002E4381 /* LaunchScreen.storyboard in Resources */,
				BCC7AF1425CEC5DF002E4381 /* GoogleService-Info.plist in Resources */,
				BCC7AF0325CEC19B002E4381 /* Assets.xcassets in Resources */,
				BCC7AF0125CEC19A002E4381 /* Main.storyboard in Resources */,
			);
			runOnlyForDeploymentPostprocessing = 0;
		};
/* End PBXResourcesBuildPhase section */

/* Begin PBXShellScriptBuildPhase section */
		5A2A2C44EA17AC29D53BB35A /* [CP] Embed Pods Frameworks */ = {
			isa = PBXShellScriptBuildPhase;
			buildActionMask = 2147483647;
			files = (
			);
			inputFileListPaths = (
				"${PODS_ROOT}/Target Support Files/Pods-MoveApp/Pods-MoveApp-frameworks-${CONFIGURATION}-input-files.xcfilelist",
			);
			name = "[CP] Embed Pods Frameworks";
			outputFileListPaths = (
				"${PODS_ROOT}/Target Support Files/Pods-MoveApp/Pods-MoveApp-frameworks-${CONFIGURATION}-output-files.xcfilelist",
			);
			runOnlyForDeploymentPostprocessing = 0;
			shellPath = /bin/sh;
			shellScript = "\"${PODS_ROOT}/Target Support Files/Pods-MoveApp/Pods-MoveApp-frameworks.sh\"\n";
			showEnvVarsInLog = 0;
		};
		797B063FEBA06F2A8FCF2D65 /* [CP] Check Pods Manifest.lock */ = {
			isa = PBXShellScriptBuildPhase;
			buildActionMask = 2147483647;
			files = (
			);
			inputFileListPaths = (
			);
			inputPaths = (
				"${PODS_PODFILE_DIR_PATH}/Podfile.lock",
				"${PODS_ROOT}/Manifest.lock",
			);
			name = "[CP] Check Pods Manifest.lock";
			outputFileListPaths = (
			);
			outputPaths = (
				"$(DERIVED_FILE_DIR)/Pods-MoveApp-checkManifestLockResult.txt",
			);
			runOnlyForDeploymentPostprocessing = 0;
			shellPath = /bin/sh;
			shellScript = "diff \"${PODS_PODFILE_DIR_PATH}/Podfile.lock\" \"${PODS_ROOT}/Manifest.lock\" > /dev/null\nif [ $? != 0 ] ; then\n    # print error to STDERR\n    echo \"error: The sandbox is not in sync with the Podfile.lock. Run 'pod install' or update your CocoaPods installation.\" >&2\n    exit 1\nfi\n# This output is used by Xcode 'outputs' to avoid re-running this script phase.\necho \"SUCCESS\" > \"${SCRIPT_OUTPUT_FILE_0}\"\n";
			showEnvVarsInLog = 0;
		};
/* End PBXShellScriptBuildPhase section */

/* Begin PBXSourcesBuildPhase section */
		BCC7AEF225CEC19A002E4381 /* Sources */ = {
			isa = PBXSourcesBuildPhase;
			buildActionMask = 2147483647;
			files = (
				BCC7AEFE25CEC19A002E4381 /* SplashViewController.swift in Sources */,
				BCC7AEFA25CEC19A002E4381 /* AppDelegate.swift in Sources */,
				BCC7AF2925CECD58002E4381 /* RCValues.swift in Sources */,
				BCC7AEFC25CEC19A002E4381 /* SceneDelegate.swift in Sources */,
			);
			runOnlyForDeploymentPostprocessing = 0;
		};
/* End PBXSourcesBuildPhase section */

/* Begin PBXVariantGroup section */
		BCC7AEFF25CEC19A002E4381 /* Main.storyboard */ = {
			isa = PBXVariantGroup;
			children = (
				BCC7AF0025CEC19A002E4381 /* Base */,
			);
			name = Main.storyboard;
			sourceTree = "<group>";
		};
		BCC7AF0425CEC19B002E4381 /* LaunchScreen.storyboard */ = {
			isa = PBXVariantGroup;
			children = (
				BCC7AF0525CEC19B002E4381 /* Base */,
			);
			name = LaunchScreen.storyboard;
			sourceTree = "<group>";
		};
/* End PBXVariantGroup section */

/* Begin XCBuildConfiguration section */
		BCC7AF0825CEC19B002E4381 /* Debug */ = {
			isa = XCBuildConfiguration;
			buildSettings = {
				ALWAYS_SEARCH_USER_PATHS = NO;
				CLANG_ANALYZER_NONNULL = YES;
				CLANG_ANALYZER_NUMBER_OBJECT_CONVERSION = YES_AGGRESSIVE;
				CLANG_CXX_LANGUAGE_STANDARD = "gnu++14";
				CLANG_CXX_LIBRARY = "libc++";
				CLANG_ENABLE_MODULES = YES;
				CLANG_ENABLE_OBJC_ARC = YES;
				CLANG_ENABLE_OBJC_WEAK = YES;
				CLANG_WARN_BLOCK_CAPTURE_AUTORELEASING = YES;
				CLANG_WARN_BOOL_CONVERSION = YES;
				CLANG_WARN_COMMA = YES;
				CLANG_WARN_CONSTANT_CONVERSION = YES;
				CLANG_WARN_DEPRECATED_OBJC_IMPLEMENTATIONS = YES;
				CLANG_WARN_DIRECT_OBJC_ISA_USAGE = YES_ERROR;
				CLANG_WARN_DOCUMENTATION_COMMENTS = YES;
				CLANG_WARN_EMPTY_BODY = YES;
				CLANG_WARN_ENUM_CONVERSION = YES;
				CLANG_WARN_INFINITE_RECURSION = YES;
				CLANG_WARN_INT_CONVERSION = YES;
				CLANG_WARN_NON_LITERAL_NULL_CONVERSION = YES;
				CLANG_WARN_OBJC_IMPLICIT_RETAIN_SELF = YES;
				CLANG_WARN_OBJC_LITERAL_CONVERSION = YES;
				CLANG_WARN_OBJC_ROOT_CLASS = YES_ERROR;
				CLANG_WARN_QUOTED_INCLUDE_IN_FRAMEWORK_HEADER = YES;
				CLANG_WARN_RANGE_LOOP_ANALYSIS = YES;
				CLANG_WARN_STRICT_PROTOTYPES = YES;
				CLANG_WARN_SUSPICIOUS_MOVE = YES;
				CLANG_WARN_UNGUARDED_AVAILABILITY = YES_AGGRESSIVE;
				CLANG_WARN_UNREACHABLE_CODE = YES;
				CLANG_WARN__DUPLICATE_METHOD_MATCH = YES;
				COPY_PHASE_STRIP = NO;
				DEBUG_INFORMATION_FORMAT = dwarf;
				ENABLE_STRICT_OBJC_MSGSEND = YES;
				ENABLE_TESTABILITY = YES;
				GCC_C_LANGUAGE_STANDARD = gnu11;
				GCC_DYNAMIC_NO_PIC = NO;
				GCC_NO_COMMON_BLOCKS = YES;
				GCC_OPTIMIZATION_LEVEL = 0;
				GCC_PREPROCESSOR_DEFINITIONS = (
					"DEBUG=1",
					"$(inherited)",
				);
				GCC_WARN_64_TO_32_BIT_CONVERSION = YES;
				GCC_WARN_ABOUT_RETURN_TYPE = YES_ERROR;
				GCC_WARN_UNDECLARED_SELECTOR = YES;
				GCC_WARN_UNINITIALIZED_AUTOS = YES_AGGRESSIVE;
				GCC_WARN_UNUSED_FUNCTION = YES;
				GCC_WARN_UNUSED_VARIABLE = YES;
				IPHONEOS_DEPLOYMENT_TARGET = 14.2;
				MTL_ENABLE_DEBUG_INFO = INCLUDE_SOURCE;
				MTL_FAST_MATH = YES;
				ONLY_ACTIVE_ARCH = YES;
				SDKROOT = iphoneos;
				SWIFT_ACTIVE_COMPILATION_CONDITIONS = DEBUG;
				SWIFT_OPTIMIZATION_LEVEL = "-Onone";
			};
			name = Debug;
		};
		BCC7AF0925CEC19B002E4381 /* Release */ = {
			isa = XCBuildConfiguration;
			buildSettings = {
				ALWAYS_SEARCH_USER_PATHS = NO;
				CLANG_ANALYZER_NONNULL = YES;
				CLANG_ANALYZER_NUMBER_OBJECT_CONVERSION = YES_AGGRESSIVE;
				CLANG_CXX_LANGUAGE_STANDARD = "gnu++14";
				CLANG_CXX_LIBRARY = "libc++";
				CLANG_ENABLE_MODULES = YES;
				CLANG_ENABLE_OBJC_ARC = YES;
				CLANG_ENABLE_OBJC_WEAK = YES;
				CLANG_WARN_BLOCK_CAPTURE_AUTORELEASING = YES;
				CLANG_WARN_BOOL_CONVERSION = YES;
				CLANG_WARN_COMMA = YES;
				CLANG_WARN_CONSTANT_CONVERSION = YES;
				CLANG_WARN_DEPRECATED_OBJC_IMPLEMENTATIONS = YES;
				CLANG_WARN_DIRECT_OBJC_ISA_USAGE = YES_ERROR;
				CLANG_WARN_DOCUMENTATION_COMMENTS = YES;
				CLANG_WARN_EMPTY_BODY = YES;
				CLANG_WARN_ENUM_CONVERSION = YES;
				CLANG_WARN_INFINITE_RECURSION = YES;
				CLANG_WARN_INT_CONVERSION = YES;
				CLANG_WARN_NON_LITERAL_NULL_CONVERSION = YES;
				CLANG_WARN_OBJC_IMPLICIT_RETAIN_SELF = YES;
				CLANG_WARN_OBJC_LITERAL_CONVERSION = YES;
				CLANG_WARN_OBJC_ROOT_CLASS = YES_ERROR;
				CLANG_WARN_QUOTED_INCLUDE_IN_FRAMEWORK_HEADER = YES;
				CLANG_WARN_RANGE_LOOP_ANALYSIS = YES;
				CLANG_WARN_STRICT_PROTOTYPES = YES;
				CLANG_WARN_SUSPICIOUS_MOVE = YES;
				CLANG_WARN_UNGUARDED_AVAILABILITY = YES_AGGRESSIVE;
				CLANG_WARN_UNREACHABLE_CODE = YES;
				CLANG_WARN__DUPLICATE_METHOD_MATCH = YES;
				COPY_PHASE_STRIP = NO;
				DEBUG_INFORMATION_FORMAT = "dwarf-with-dsym";
				ENABLE_NS_ASSERTIONS = NO;
				ENABLE_STRICT_OBJC_MSGSEND = YES;
				GCC_C_LANGUAGE_STANDARD = gnu11;
				GCC_NO_COMMON_BLOCKS = YES;
				GCC_WARN_64_TO_32_BIT_CONVERSION = YES;
				GCC_WARN_ABOUT_RETURN_TYPE = YES_ERROR;
				GCC_WARN_UNDECLARED_SELECTOR = YES;
				GCC_WARN_UNINITIALIZED_AUTOS = YES_AGGRESSIVE;
				GCC_WARN_UNUSED_FUNCTION = YES;
				GCC_WARN_UNUSED_VARIABLE = YES;
				IPHONEOS_DEPLOYMENT_TARGET = 14.2;
				MTL_ENABLE_DEBUG_INFO = NO;
				MTL_FAST_MATH = YES;
				SDKROOT = iphoneos;
				SWIFT_COMPILATION_MODE = wholemodule;
				SWIFT_OPTIMIZATION_LEVEL = "-O";
				VALIDATE_PRODUCT = YES;
			};
			name = Release;
		};
		BCC7AF0B25CEC19B002E4381 /* Debug */ = {
			isa = XCBuildConfiguration;
			baseConfigurationReference = E0D7677C8502946A06D7B483 /* Pods-MoveApp.debug.xcconfig */;
			buildSettings = {
				ASSETCATALOG_COMPILER_APPICON_NAME = AppIcon;
				ASSETCATALOG_COMPILER_GLOBAL_ACCENT_COLOR_NAME = AccentColor;
				CODE_SIGN_STYLE = Automatic;
				INFOPLIST_FILE = MoveApp/Info.plist;
				LD_RUNPATH_SEARCH_PATHS = (
					"$(inherited)",
					"@executable_path/Frameworks",
				);
				PRODUCT_BUNDLE_IDENTIFIER = com.serkan.MoveApp;
				PRODUCT_NAME = "$(TARGET_NAME)";
				SWIFT_VERSION = 5.0;
				TARGETED_DEVICE_FAMILY = "1,2";
			};
			name = Debug;
		};
		BCC7AF0C25CEC19B002E4381 /* Release */ = {
			isa = XCBuildConfiguration;
			baseConfigurationReference = 87B1E041CBE6E7D9109BA456 /* Pods-MoveApp.release.xcconfig */;
			buildSettings = {
				ASSETCATALOG_COMPILER_APPICON_NAME = AppIcon;
				ASSETCATALOG_COMPILER_GLOBAL_ACCENT_COLOR_NAME = AccentColor;
				CODE_SIGN_STYLE = Automatic;
				INFOPLIST_FILE = MoveApp/Info.plist;
				LD_RUNPATH_SEARCH_PATHS = (
					"$(inherited)",
					"@executable_path/Frameworks",
				);
				PRODUCT_BUNDLE_IDENTIFIER = com.serkan.MoveApp;
				PRODUCT_NAME = "$(TARGET_NAME)";
				SWIFT_VERSION = 5.0;
				TARGETED_DEVICE_FAMILY = "1,2";
			};
			name = Release;
		};
/* End XCBuildConfiguration section */

/* Begin XCConfigurationList section */
		BCC7AEF125CEC19A002E4381 /* Build configuration list for PBXProject "MoveApp" */ = {
			isa = XCConfigurationList;
			buildConfigurations = (
				BCC7AF0825CEC19B002E4381 /* Debug */,
				BCC7AF0925CEC19B002E4381 /* Release */,
			);
			defaultConfigurationIsVisible = 0;
			defaultConfigurationName = Release;
		};
		BCC7AF0A25CEC19B002E4381 /* Build configuration list for PBXNativeTarget "MoveApp" */ = {
			isa = XCConfigurationList;
			buildConfigurations = (
				BCC7AF0B25CEC19B002E4381 /* Debug */,
				BCC7AF0C25CEC19B002E4381 /* Release */,
			);
			defaultConfigurationIsVisible = 0;
			defaultConfigurationName = Release;
		};
/* End XCConfigurationList section */
	};
	rootObject = BCC7AEEE25CEC19A002E4381 /* Project object */;
}
